# @generated by Move, please check-in and do not edit manually.

[move]
version = 3
manifest_digest = "C5F5E50316C82151B8BBB8AA75AE277C119A142EE9C2A958ADE39266CEC6963D"
deps_digest = "F8BBB0CCB2491CA29A3DF03D6F92277A4F3574266507ACD77214D37ECA3F3082"
dependencies = [
  { id = "Sui", name = "Sui" },
]

[[move.package]]
id = "MoveStdlib"
source = { git = "https://github.com/MystenLabs/sui.git", rev = "framework/testnet", subdir = "crates/sui-framework/packages/move-stdlib" }

[[move.package]]
id = "Sui"
source = { git = "https://github.com/MystenLabs/sui.git", rev = "framework/testnet", subdir = "crates/sui-framework/packages/sui-framework" }

dependencies = [
  { id = "MoveStdlib", name = "MoveStdlib" },
]

[move.toolchain-version]
compiler-version = "1.39.2"
edition = "2024.beta"
flavor = "sui"

[env]

[env.devnet]
chain-id = "5755bca6"
original-published-id = "0x8d7d845e634ac222481081f35be0ab54d4705315652dff37d9e93472583c107e"
latest-published-id = "0x8d7d845e634ac222481081f35be0ab54d4705315652dff37d9e93472583c107e"
published-version = "1"
